
Microsoft Visual Studio Solution File, Format Version 12.00
# Visual Studio 15
VisualStudioVersion = 15.0.28010.2050
MinimumVisualStudioVersion = 10.0.40219.1
Project("{FAE04EC0-301F-11D3-BF4B-00C04F79EFBC}") = "ReplacePrograms", "ReplacePrograms\ReplacePrograms.csproj", "{E1C89E8E-612F-498D-8BAE-88E1A3E944B8}"
EndProject
Global
	GlobalSection(SolutionConfigurationPlatforms) = preSolution
		Debug|Any CPU = Debug|Any CPU
		Release|Any CPU = Release|Any CPU
	EndGlobalSection
	GlobalSection(ProjectConfigurationPlatforms) = postSolution
		{E1C89E8E-612F-498D-8BAE-88E1A3E944B8}.Debug|Any CPU.ActiveCfg = Debug|Any CPU
		{E1C89E8E-612F-498D-8BAE-88E1A3E944B8}.Debug|Any CPU.Build.0 = Debug|Any CPU
		{E1C89E8E-612F-498D-8BAE-88E1A3E944B8}.Release|Any CPU.ActiveCfg = Release|Any CPU
		{E1C89E8E-612F-498D-8BAE-88E1A3E944B8}.Release|Any CPU.Build.0 = Release|Any CPU
	EndGlobalSection
	GlobalSection(SolutionProperties) = preSolution
		HideSolutionNode = FALSE
	EndGlobalSection
	GlobalSection(ExtensibilityGlobals) = postSolution
		SolutionGuid = {5096F95D-C9E9-40CD-97E5-0A6DA4BA45BB}
	EndGlobalSection
EndGlobal
